
Microsoft Visual Studio Solution File, Format Version 12.00
# Visual Studio 15
VisualStudioVersion = 15.0.26430.15
MinimumVisualStudioVersion = 10.0.40219.1
Project("{FAE04EC0-301F-11D3-BF4B-00C04F79EFBC}") = "yuwamt", "yuwamt\yuwamt.csproj", "{A586FC8E-499C-4C58-92A3-CC6E3F0A52FD}"
EndProject
Project("{FAE04EC0-301F-11D3-BF4B-00C04F79EFBC}") = "YuwaWebApp", "..\..\YuwaWebApp\YuwaWebApp\YuwaWebApp\YuwaWebApp.csproj", "{3DEF6168-6D79-4DEB-B9D3-91FFB8132C07}"
EndProject
Global
	GlobalSection(SolutionConfigurationPlatforms) = preSolution
		Debug|Any CPU = Debug|Any CPU
		Release|Any CPU = Release|Any CPU
	EndGlobalSection
	GlobalSection(ProjectConfigurationPlatforms) = postSolution
		{A586FC8E-499C-4C58-92A3-CC6E3F0A52FD}.Debug|Any CPU.ActiveCfg = Debug|Any CPU
		{A586FC8E-499C-4C58-92A3-CC6E3F0A52FD}.Debug|Any CPU.Build.0 = Debug|Any CPU
		{A586FC8E-499C-4C58-92A3-CC6E3F0A52FD}.Release|Any CPU.ActiveCfg = Release|Any CPU
		{A586FC8E-499C-4C58-92A3-CC6E3F0A52FD}.Release|Any CPU.Build.0 = Release|Any CPU
		{3DEF6168-6D79-4DEB-B9D3-91FFB8132C07}.Debug|Any CPU.ActiveCfg = Debug|Any CPU
		{3DEF6168-6D79-4DEB-B9D3-91FFB8132C07}.Debug|Any CPU.Build.0 = Debug|Any CPU
		{3DEF6168-6D79-4DEB-B9D3-91FFB8132C07}.Release|Any CPU.ActiveCfg = Release|Any CPU
		{3DEF6168-6D79-4DEB-B9D3-91FFB8132C07}.Release|Any CPU.Build.0 = Release|Any CPU
	EndGlobalSection
	GlobalSection(SolutionProperties) = preSolution
		HideSolutionNode = FALSE
	EndGlobalSection
EndGlobal
